
Microsoft Visual Studio Solution File, Format Version 12.00
# Visual Studio Version 16
VisualStudioVersion = 16.0.30523.141
MinimumVisualStudioVersion = 10.0.40219.1
Project("{9A19103F-16F7-4668-BE54-9A1E7A4F7556}") = "DP.Patients", "DP.Patients\DP.Patients.csproj", "{3381E99B-E8E8-4862-A895-7DAAFA0B779B}"
EndProject
Project("{9A19103F-16F7-4668-BE54-9A1E7A4F7556}") = "DP.Client", "DP.Client\DP.Client.csproj", "{1AC6138E-C7AE-4C2B-BB3B-50CCBBA1F6C0}"
EndProject
Project("{9A19103F-16F7-4668-BE54-9A1E7A4F7556}") = "DP.Notifications", "DP.Notifications\DP.Notifications.csproj", "{3E8EA73F-0B96-465F-8951-2E27DB92BFCE}"
EndProject
Global
	GlobalSection(SolutionConfigurationPlatforms) = preSolution
		Debug|Any CPU = Debug|Any CPU
		Release|Any CPU = Release|Any CPU
	EndGlobalSection
	GlobalSection(ProjectConfigurationPlatforms) = postSolution
		{3381E99B-E8E8-4862-A895-7DAAFA0B779B}.Debug|Any CPU.ActiveCfg = Debug|Any CPU
		{3381E99B-E8E8-4862-A895-7DAAFA0B779B}.Debug|Any CPU.Build.0 = Debug|Any CPU
		{3381E99B-E8E8-4862-A895-7DAAFA0B779B}.Release|Any CPU.ActiveCfg = Release|Any CPU
		{3381E99B-E8E8-4862-A895-7DAAFA0B779B}.Release|Any CPU.Build.0 = Release|Any CPU
		{1AC6138E-C7AE-4C2B-BB3B-50CCBBA1F6C0}.Debug|Any CPU.ActiveCfg = Debug|Any CPU
		{1AC6138E-C7AE-4C2B-BB3B-50CCBBA1F6C0}.Debug|Any CPU.Build.0 = Debug|Any CPU
		{1AC6138E-C7AE-4C2B-BB3B-50CCBBA1F6C0}.Release|Any CPU.ActiveCfg = Release|Any CPU
		{1AC6138E-C7AE-4C2B-BB3B-50CCBBA1F6C0}.Release|Any CPU.Build.0 = Release|Any CPU
		{3E8EA73F-0B96-465F-8951-2E27DB92BFCE}.Debug|Any CPU.ActiveCfg = Debug|Any CPU
		{3E8EA73F-0B96-465F-8951-2E27DB92BFCE}.Debug|Any CPU.Build.0 = Debug|Any CPU
		{3E8EA73F-0B96-465F-8951-2E27DB92BFCE}.Release|Any CPU.ActiveCfg = Release|Any CPU
		{3E8EA73F-0B96-465F-8951-2E27DB92BFCE}.Release|Any CPU.Build.0 = Release|Any CPU
	EndGlobalSection
	GlobalSection(SolutionProperties) = preSolution
		HideSolutionNode = FALSE
	EndGlobalSection
	GlobalSection(ExtensibilityGlobals) = postSolution
		SolutionGuid = {BF72EBEA-40A4-450B-B3BE-571240B798A3}
	EndGlobalSection
EndGlobal
